// !$*UTF8*$!
{
	archiveVersion = 1;
	classes = {
	};
	objectVersion = 55;
	objects = {

/* Begin PBXBuildFile section */
		C00B10442723DC760091F8F6 /* Localizable.strings in Resources */ = {isa = PBXBuildFile; fileRef = C00B10422723DC760091F8F6 /* Localizable.strings */; };
		C02ECAC7271FFB06002E33D1 /* main.m in Sources */ = {isa = PBXBuildFile; fileRef = C02ECAC6271FFB06002E33D1 /* main.m */; };
		C02ECAD127201EEF002E33D1 /* Notch Simulator Helper.app in CopyFiles */ = {isa = PBXBuildFile; fileRef = C02ECABC271FFAFA002E33D1 /* Notch Simulator Helper.app */; settings = {ATTRIBUTES = (RemoveHeadersOnCopy, ); }; };
		C05C0B79271E59D6007BDF89 /* AppDelegate.swift in Sources */ = {isa = PBXBuildFile; fileRef = C05C0B78271E59D6007BDF89 /* AppDelegate.swift */; };
		C05C0B7B271E59DA007BDF89 /* Assets.xcassets in Resources */ = {isa = PBXBuildFile; fileRef = C05C0B7A271E59DA007BDF89 /* Assets.xcassets */; };
		C05C0B7E271E59DA007BDF89 /* MainMenu.xib in Resources */ = {isa = PBXBuildFile; fileRef = C05C0B7C271E59DA007BDF89 /* MainMenu.xib */; };
		C05C0B89271E5D5C007BDF89 /* NotchViewController.swift in Sources */ = {isa = PBXBuildFile; fileRef = C05C0B87271E5D5C007BDF89 /* NotchViewController.swift */; };
		C05C0B8A271E5D5C007BDF89 /* NotchViewController.xib in Resources */ = {isa = PBXBuildFile; fileRef = C05C0B88271E5D5C007BDF89 /* NotchViewController.xib */; };
		C05C0B90271E861F007BDF89 /* MyAppsViewController.swift in Sources */ = {isa = PBXBuildFile; fileRef = C05C0B8E271E861F007BDF89 /* MyAppsViewController.swift */; };
		C05C0B91271E861F007BDF89 /* MyAppsViewController.xib in Resources */ = {isa = PBXBuildFile; fileRef = C05C0B8F271E861F007BDF89 /* MyAppsViewController.xib */; };
		C05C0B93271F03DA007BDF89 /* NotchWindow.swift in Sources */ = {isa = PBXBuildFile; fileRef = C05C0B92271F03DA007BDF89 /* NotchWindow.swift */; };
		EDA567CF2721D373008B4C41 /* NSScreen+Extensions.swift in Sources */ = {isa = PBXBuildFile; fileRef = EDA567CE2721D373008B4C41 /* NSScreen+Extensions.swift */; };
/* End PBXBuildFile section */

/* Begin PBXCopyFilesBuildPhase section */
		C02ECAD027201EE2002E33D1 /* CopyFiles */ = {
			isa = PBXCopyFilesBuildPhase;
			buildActionMask = 2147483647;
			dstPath = Contents/Library/LoginItems;
			dstSubfolderSpec = 1;
			files = (
				C02ECAD127201EEF002E33D1 /* Notch Simulator Helper.app in CopyFiles */,
			);
			runOnlyForDeploymentPostprocessing = 0;
		};
/* End PBXCopyFilesBuildPhase section */

/* Begin PBXFileReference section */
		C00B10432723DC760091F8F6 /* ja */ = {isa = PBXFileReference; lastKnownFileType = text.plist.strings; name = ja; path = ja.lproj/Localizable.strings; sourceTree = "<group>"; };
		C00B10452723DC880091F8F6 /* zh-Hans */ = {isa = PBXFileReference; lastKnownFileType = text.plist.strings; name = "zh-Hans"; path = "zh-Hans.lproj/Localizable.strings"; sourceTree = "<group>"; };
		C00B10462723DC8F0091F8F6 /* zh-Hant */ = {isa = PBXFileReference; lastKnownFileType = text.plist.strings; name = "zh-Hant"; path = "zh-Hant.lproj/Localizable.strings"; sourceTree = "<group>"; };
		C02ECABC271FFAFA002E33D1 /* Notch Simulator Helper.app */ = {isa = PBXFileReference; explicitFileType = wrapper.application; includeInIndex = 0; path = "Notch Simulator Helper.app"; sourceTree = BUILT_PRODUCTS_DIR; };
		C02ECAC6271FFB06002E33D1 /* main.m */ = {isa = PBXFileReference; lastKnownFileType = sourcecode.c.objc; path = main.m; sourceTree = "<group>"; };
		C02ECAC8271FFB06002E33D1 /* Notch_Simulator_Helper.entitlements */ = {isa = PBXFileReference; lastKnownFileType = text.plist.entitlements; path = Notch_Simulator_Helper.entitlements; sourceTree = "<group>"; };
		C02ECACC271FFB9D002E33D1 /* Notch-Simulator-Helper-Info.plist */ = {isa = PBXFileReference; lastKnownFileType = text.plist; path = "Notch-Simulator-Helper-Info.plist"; sourceTree = SOURCE_ROOT; };
		C05C0B75271E59D6007BDF89 /* Notch Simulator.app */ = {isa = PBXFileReference; explicitFileType = wrapper.application; includeInIndex = 0; path = "Notch Simulator.app"; sourceTree = BUILT_PRODUCTS_DIR; };
		C05C0B78271E59D6007BDF89 /* AppDelegate.swift */ = {isa = PBXFileReference; lastKnownFileType = sourcecode.swift; path = AppDelegate.swift; sourceTree = "<group>"; };
		C05C0B7A271E59DA007BDF89 /* Assets.xcassets */ = {isa = PBXFileReference; lastKnownFileType = folder.assetcatalog; path = Assets.xcassets; sourceTree = "<group>"; };
		C05C0B7D271E59DA007BDF89 /* Base */ = {isa = PBXFileReference; lastKnownFileType = file.xib; name = Base; path = Base.lproj/MainMenu.xib; sourceTree = "<group>"; };
		C05C0B7F271E59DA007BDF89 /* Notch_Simulator.entitlements */ = {isa = PBXFileReference; lastKnownFileType = text.plist.entitlements; path = Notch_Simulator.entitlements; sourceTree = "<group>"; };
		C05C0B87271E5D5C007BDF89 /* NotchViewController.swift */ = {isa = PBXFileReference; lastKnownFileType = sourcecode.swift; path = NotchViewController.swift; sourceTree = "<group>"; };
		C05C0B88271E5D5C007BDF89 /* NotchViewController.xib */ = {isa = PBXFileReference; lastKnownFileType = file.xib; path = NotchViewController.xib; sourceTree = "<group>"; };
		C05C0B8D271E6783007BDF89 /* Notch-Simulator-Info.plist */ = {isa = PBXFileReference; lastKnownFileType = text.plist; path = "Notch-Simulator-Info.plist"; sourceTree = SOURCE_ROOT; };
		C05C0B8E271E861F007BDF89 /* MyAppsViewController.swift */ = {isa = PBXFileReference; lastKnownFileType = sourcecode.swift; path = MyAppsViewController.swift; sourceTree = "<group>"; };
		C05C0B8F271E861F007BDF89 /* MyAppsViewController.xib */ = {isa = PBXFileReference; lastKnownFileType = file.xib; path = MyAppsViewController.xib; sourceTree = "<group>"; };
		C05C0B92271F03DA007BDF89 /* NotchWindow.swift */ = {isa = PBXFileReference; lastKnownFileType = sourcecode.swift; path = NotchWindow.swift; sourceTree = "<group>"; };
		EDA567CE2721D373008B4C41 /* NSScreen+Extensions.swift */ = {isa = PBXFileReference; lastKnownFileType = sourcecode.swift; path = "NSScreen+Extensions.swift"; sourceTree = "<group>"; };
/* End PBXFileReference section */

/* Begin PBXFrameworksBuildPhase section */
		C02ECAB9271FFAFA002E33D1 /* Frameworks */ = {
			isa = PBXFrameworksBuildPhase;
			buildActionMask = 2147483647;
			files = (
			);
			runOnlyForDeploymentPostprocessing = 0;
		};
		C05C0B72271E59D6007BDF89 /* Frameworks */ = {
			isa = PBXFrameworksBuildPhase;
			buildActionMask = 2147483647;
			files = (
			);
			runOnlyForDeploymentPostprocessing = 0;
		};
/* End PBXFrameworksBuildPhase section */

/* Begin PBXGroup section */
		C02ECABD271FFAFB002E33D1 /* Notch Simulator Helper */ = {
			isa = PBXGroup;
			children = (
				C02ECACC271FFB9D002E33D1 /* Notch-Simulator-Helper-Info.plist */,
				C02ECAC6271FFB06002E33D1 /* main.m */,
				C02ECAC8271FFB06002E33D1 /* Notch_Simulator_Helper.entitlements */,
			);
			path = "Notch Simulator Helper";
			sourceTree = "<group>";
		};
		C05C0B6C271E59D6007BDF89 = {
			isa = PBXGroup;
			children = (
				C05C0B77271E59D6007BDF89 /* Notch Simulator */,
				C02ECABD271FFAFB002E33D1 /* Notch Simulator Helper */,
				C05C0B76271E59D6007BDF89 /* Products */,
			);
			sourceTree = "<group>";
		};
		C05C0B76271E59D6007BDF89 /* Products */ = {
			isa = PBXGroup;
			children = (
				C05C0B75271E59D6007BDF89 /* Notch Simulator.app */,
				C02ECABC271FFAFA002E33D1 /* Notch Simulator Helper.app */,
			);
			name = Products;
			sourceTree = "<group>";
		};
		C05C0B77271E59D6007BDF89 /* Notch Simulator */ = {
			isa = PBXGroup;
			children = (
				C05C0B78271E59D6007BDF89 /* AppDelegate.swift */,
				C05C0B7A271E59DA007BDF89 /* Assets.xcassets */,
				C05C0B88271E5D5C007BDF89 /* NotchViewController.xib */,
				C05C0B87271E5D5C007BDF89 /* NotchViewController.swift */,
				C05C0B92271F03DA007BDF89 /* NotchWindow.swift */,
				C05C0B8F271E861F007BDF89 /* MyAppsViewController.xib */,
				C05C0B8E271E861F007BDF89 /* MyAppsViewController.swift */,
				EDA567CE2721D373008B4C41 /* NSScreen+Extensions.swift */,
				C05C0B7C271E59DA007BDF89 /* MainMenu.xib */,
				C05C0B8D271E6783007BDF89 /* Notch-Simulator-Info.plist */,
				C00B10422723DC760091F8F6 /* Localizable.strings */,
				C05C0B7F271E59DA007BDF89 /* Notch_Simulator.entitlements */,
			);
			path = "Notch Simulator";
			sourceTree = "<group>";
		};
/* End PBXGroup section */

/* Begin PBXNativeTarget section */
		C02ECABB271FFAFA002E33D1 /* Notch Simulator Helper */ = {
			isa = PBXNativeTarget;
			buildConfigurationList = C02ECAC9271FFB06002E33D1 /* Build configuration list for PBXNativeTarget "Notch Simulator Helper" */;
			buildPhases = (
				C02ECAB8271FFAFA002E33D1 /* Sources */,
				C02ECAB9271FFAFA002E33D1 /* Frameworks */,
				C02ECABA271FFAFA002E33D1 /* Resources */,
			);
			buildRules = (
			);
			dependencies = (
			);
			name = "Notch Simulator Helper";
			productName = "Notch Simulator Helper";
			productReference = C02ECABC271FFAFA002E33D1 /* Notch Simulator Helper.app */;
			productType = "com.apple.product-type.application";
		};
		C05C0B74271E59D6007BDF89 /* Notch Simulator */ = {
			isa = PBXNativeTarget;
			buildConfigurationList = C05C0B82271E59DA007BDF89 /* Build configuration list for PBXNativeTarget "Notch Simulator" */;
			buildPhases = (
				C05C0B71271E59D6007BDF89 /* Sources */,
				C05C0B72271E59D6007BDF89 /* Frameworks */,
				C05C0B73271E59D6007BDF89 /* Resources */,
				C02ECAD027201EE2002E33D1 /* CopyFiles */,
			);
			buildRules = (
			);
			dependencies = (
			);
			name = "Notch Simulator";
			productName = "Notch Simulator";
			productReference = C05C0B75271E59D6007BDF89 /* Notch Simulator.app */;
			productType = "com.apple.product-type.application";
		};
/* End PBXNativeTarget section */

/* Begin PBXProject section */
		C05C0B6D271E59D6007BDF89 /* Project object */ = {
			isa = PBXProject;
			attributes = {
				BuildIndependentTargetsInParallel = 1;
				LastSwiftUpdateCheck = 1300;
				LastUpgradeCheck = 1310;
				TargetAttributes = {
					C02ECABB271FFAFA002E33D1 = {
						CreatedOnToolsVersion = 13.1;
					};
					C05C0B74271E59D6007BDF89 = {
						CreatedOnToolsVersion = 13.0;
					};
				};
			};
			buildConfigurationList = C05C0B70271E59D6007BDF89 /* Build configuration list for PBXProject "Notch Simulator" */;
			compatibilityVersion = "Xcode 13.0";
			developmentRegion = en;
			hasScannedForEncodings = 0;
			knownRegions = (
				en,
				Base,
				"zh-Hans",
				"zh-Hant",
				ja,
			);
			mainGroup = C05C0B6C271E59D6007BDF89;
			productRefGroup = C05C0B76271E59D6007BDF89 /* Products */;
			projectDirPath = "";
			projectRoot = "";
			targets = (
				C05C0B74271E59D6007BDF89 /* Notch Simulator */,
				C02ECABB271FFAFA002E33D1 /* Notch Simulator Helper */,
			);
		};
/* End PBXProject section */

/* Begin PBXResourcesBuildPhase section */
		C02ECABA271FFAFA002E33D1 /* Resources */ = {
			isa = PBXResourcesBuildPhase;
			buildActionMask = 2147483647;
			files = (
			);
			runOnlyForDeploymentPostprocessing = 0;
		};
		C05C0B73271E59D6007BDF89 /* Resources */ = {
			isa = PBXResourcesBuildPhase;
			buildActionMask = 2147483647;
			files = (
				C00B10442723DC760091F8F6 /* Localizable.strings in Resources */,
				C05C0B8A271E5D5C007BDF89 /* NotchViewController.xib in Resources */,
				C05C0B7B271E59DA007BDF89 /* Assets.xcassets in Resources */,
				C05C0B91271E861F007BDF89 /* MyAppsViewController.xib in Resources */,
				C05C0B7E271E59DA007BDF89 /* MainMenu.xib in Resources */,
			);
			runOnlyForDeploymentPostprocessing = 0;
		};
/* End PBXResourcesBuildPhase section */

/* Begin PBXSourcesBuildPhase section */
		C02ECAB8271FFAFA002E33D1 /* Sources */ = {
			isa = PBXSourcesBuildPhase;
			buildActionMask = 2147483647;
			files = (
				C02ECAC7271FFB06002E33D1 /* main.m in Sources */,
			);
			runOnlyForDeploymentPostprocessing = 0;
		};
		C05C0B71271E59D6007BDF89 /* Sources */ = {
			isa = PBXSourcesBuildPhase;
			buildActionMask = 2147483647;
			files = (
				C05C0B93271F03DA007BDF89 /* NotchWindow.swift in Sources */,
				C05C0B90271E861F007BDF89 /* MyAppsViewController.swift in Sources */,
				EDA567CF2721D373008B4C41 /* NSScreen+Extensions.swift in Sources */,
				C05C0B79271E59D6007BDF89 /* AppDelegate.swift in Sources */,
				C05C0B89271E5D5C007BDF89 /* NotchViewController.swift in Sources */,
			);
			runOnlyForDeploymentPostprocessing = 0;
		};
/* End PBXSourcesBuildPhase section */

/* Begin PBXVariantGroup section */
		C00B10422723DC760091F8F6 /* Localizable.strings */ = {
			isa = PBXVariantGroup;
			children = (
				C00B10432723DC760091F8F6 /* ja */,
				C00B10452723DC880091F8F6 /* zh-Hans */,
				C00B10462723DC8F0091F8F6 /* zh-Hant */,
			);
			name = Localizable.strings;
			path = ..;
			sourceTree = "<group>";
		};
		C05C0B7C271E59DA007BDF89 /* MainMenu.xib */ = {
			isa = PBXVariantGroup;
			children = (
				C05C0B7D271E59DA007BDF89 /* Base */,
			);
			name = MainMenu.xib;
			sourceTree = "<group>";
		};
/* End PBXVariantGroup section */

/* Begin XCBuildConfiguration section */
		C02ECACA271FFB06002E33D1 /* Debug */ = {
			isa = XCBuildConfiguration;
			buildSettings = {
				ASSETCATALOG_COMPILER_APPICON_NAME = AppIcon;
				ASSETCATALOG_COMPILER_GLOBAL_ACCENT_COLOR_NAME = AccentColor;
				CODE_SIGN_ENTITLEMENTS = "Notch Simulator Helper/Notch_Simulator_Helper.entitlements";
				CODE_SIGN_STYLE = Automatic;
				COMBINE_HIDPI_IMAGES = YES;
				CURRENT_PROJECT_VERSION = 1;
				DEVELOPMENT_TEAM = QJN4A73F8D;
				ENABLE_HARDENED_RUNTIME = YES;
				GENERATE_INFOPLIST_FILE = YES;
				INFOPLIST_FILE = "Notch-Simulator-Helper-Info.plist";
				INFOPLIST_KEY_LSApplicationCategoryType = "public.app-category.utilities";
				INFOPLIST_KEY_NSHumanReadableCopyright = "";
				INFOPLIST_KEY_NSMainNibFile = "";
				INFOPLIST_KEY_NSPrincipalClass = NSApplication;
				LD_RUNPATH_SEARCH_PATHS = (
					"$(inherited)",
					"@executable_path/../Frameworks",
				);
				MACOSX_DEPLOYMENT_TARGET = 10.13;
				MARKETING_VERSION = 1.0;
				PRODUCT_BUNDLE_IDENTIFIER = "com.JinyuMeng.Notch-Simulator-Helper";
				PRODUCT_NAME = "$(TARGET_NAME)";
				SKIP_INSTALL = YES;
				SWIFT_EMIT_LOC_STRINGS = YES;
			};
			name = Debug;
		};
		C02ECACB271FFB06002E33D1 /* Release */ = {
			isa = XCBuildConfiguration;
			buildSettings = {
				ASSETCATALOG_COMPILER_APPICON_NAME = AppIcon;
				ASSETCATALOG_COMPILER_GLOBAL_ACCENT_COLOR_NAME = AccentColor;
				CODE_SIGN_ENTITLEMENTS = "Notch Simulator Helper/Notch_Simulator_Helper.entitlements";
				CODE_SIGN_STYLE = Automatic;
				COMBINE_HIDPI_IMAGES = YES;
				CURRENT_PROJECT_VERSION = 1;
				DEVELOPMENT_TEAM = QJN4A73F8D;
				ENABLE_HARDENED_RUNTIME = YES;
				GENERATE_INFOPLIST_FILE = YES;
				INFOPLIST_FILE = "Notch-Simulator-Helper-Info.plist";
				INFOPLIST_KEY_LSApplicationCategoryType = "public.app-category.utilities";
				INFOPLIST_KEY_NSHumanReadableCopyright = "";
				INFOPLIST_KEY_NSMainNibFile = "";
				INFOPLIST_KEY_NSPrincipalClass = NSApplication;
				LD_RUNPATH_SEARCH_PATHS = (
					"$(inherited)",
					"@executable_path/../Frameworks",
				);
				MACOSX_DEPLOYMENT_TARGET = 10.13;
				MARKETING_VERSION = 1.0;
				PRODUCT_BUNDLE_IDENTIFIER = "com.JinyuMeng.Notch-Simulator-Helper";
				PRODUCT_NAME = "$(TARGET_NAME)";
				SKIP_INSTALL = YES;
				SWIFT_EMIT_LOC_STRINGS = YES;
			};
			name = Release;
		};
		C05C0B80271E59DA007BDF89 /* Debug */ = {
			isa = XCBuildConfiguration;
			buildSettings = {
				ALWAYS_SEARCH_USER_PATHS = NO;
				CLANG_ANALYZER_LOCALIZABILITY_NONLOCALIZED = YES;
				CLANG_ANALYZER_NONNULL = YES;
				CLANG_ANALYZER_NUMBER_OBJECT_CONVERSION = YES_AGGRESSIVE;
				CLANG_CXX_LANGUAGE_STANDARD = "gnu++17";
				CLANG_CXX_LIBRARY = "libc++";
				CLANG_ENABLE_MODULES = YES;
				CLANG_ENABLE_OBJC_ARC = YES;
				CLANG_ENABLE_OBJC_WEAK = YES;
				CLANG_WARN_BLOCK_CAPTURE_AUTORELEASING = YES;
				CLANG_WARN_BOOL_CONVERSION = YES;
				CLANG_WARN_COMMA = YES;
				CLANG_WARN_CONSTANT_CONVERSION = YES;
				CLANG_WARN_DEPRECATED_OBJC_IMPLEMENTATIONS = YES;
				CLANG_WARN_DIRECT_OBJC_ISA_USAGE = YES_ERROR;
				CLANG_WARN_DOCUMENTATION_COMMENTS = YES;
				CLANG_WARN_EMPTY_BODY = YES;
				CLANG_WARN_ENUM_CONVERSION = YES;
				CLANG_WARN_INFINITE_RECURSION = YES;
				CLANG_WARN_INT_CONVERSION = YES;
				CLANG_WARN_NON_LITERAL_NULL_CONVERSION = YES;
				CLANG_WARN_OBJC_IMPLICIT_RETAIN_SELF = YES;
				CLANG_WARN_OBJC_LITERAL_CONVERSION = YES;
				CLANG_WARN_OBJC_ROOT_CLASS = YES_ERROR;
				CLANG_WARN_QUOTED_INCLUDE_IN_FRAMEWORK_HEADER = YES;
				CLANG_WARN_RANGE_LOOP_ANALYSIS = YES;
				CLANG_WARN_STRICT_PROTOTYPES = YES;
				CLANG_WARN_SUSPICIOUS_MOVE = YES;
				CLANG_WARN_UNGUARDED_AVAILABILITY = YES_AGGRESSIVE;
				CLANG_WARN_UNREACHABLE_CODE = YES;
				CLANG_WARN__DUPLICATE_METHOD_MATCH = YES;
				COPY_PHASE_STRIP = NO;
				DEBUG_INFORMATION_FORMAT = dwarf;
				ENABLE_STRICT_OBJC_MSGSEND = YES;
				ENABLE_TESTABILITY = YES;
				GCC_C_LANGUAGE_STANDARD = gnu11;
				GCC_DYNAMIC_NO_PIC = NO;
				GCC_NO_COMMON_BLOCKS = YES;
				GCC_OPTIMIZATION_LEVEL = 0;
				GCC_PREPROCESSOR_DEFINITIONS = (
					"DEBUG=1",
					"$(inherited)",
				);
				GCC_WARN_64_TO_32_BIT_CONVERSION = YES;
				GCC_WARN_ABOUT_RETURN_TYPE = YES_ERROR;
				GCC_WARN_UNDECLARED_SELECTOR = YES;
				GCC_WARN_UNINITIALIZED_AUTOS = YES_AGGRESSIVE;
				GCC_WARN_UNUSED_FUNCTION = YES;
				GCC_WARN_UNUSED_VARIABLE = YES;
				MACOSX_DEPLOYMENT_TARGET = 11.3;
				MTL_ENABLE_DEBUG_INFO = INCLUDE_SOURCE;
				MTL_FAST_MATH = YES;
				ONLY_ACTIVE_ARCH = YES;
				SDKROOT = macosx;
				SWIFT_ACTIVE_COMPILATION_CONDITIONS = DEBUG;
				SWIFT_OPTIMIZATION_LEVEL = "-Onone";
			};
			name = Debug;
		};
		C05C0B81271E59DA007BDF89 /* Release */ = {
			isa = XCBuildConfiguration;
			buildSettings = {
				ALWAYS_SEARCH_USER_PATHS = NO;
				CLANG_ANALYZER_LOCALIZABILITY_NONLOCALIZED = YES;
				CLANG_ANALYZER_NONNULL = YES;
				CLANG_ANALYZER_NUMBER_OBJECT_CONVERSION = YES_AGGRESSIVE;
				CLANG_CXX_LANGUAGE_STANDARD = "gnu++17";
				CLANG_CXX_LIBRARY = "libc++";
				CLANG_ENABLE_MODULES = YES;
				CLANG_ENABLE_OBJC_ARC = YES;
				CLANG_ENABLE_OBJC_WEAK = YES;
				CLANG_WARN_BLOCK_CAPTURE_AUTORELEASING = YES;
				CLANG_WARN_BOOL_CONVERSION = YES;
				CLANG_WARN_COMMA = YES;
				CLANG_WARN_CONSTANT_CONVERSION = YES;
				CLANG_WARN_DEPRECATED_OBJC_IMPLEMENTATIONS = YES;
				CLANG_WARN_DIRECT_OBJC_ISA_USAGE = YES_ERROR;
				CLANG_WARN_DOCUMENTATION_COMMENTS = YES;
				CLANG_WARN_EMPTY_BODY = YES;
				CLANG_WARN_ENUM_CONVERSION = YES;
				CLANG_WARN_INFINITE_RECURSION = YES;
				CLANG_WARN_INT_CONVERSION = YES;
				CLANG_WARN_NON_LITERAL_NULL_CONVERSION = YES;
				CLANG_WARN_OBJC_IMPLICIT_RETAIN_SELF = YES;
				CLANG_WARN_OBJC_LITERAL_CONVERSION = YES;
				CLANG_WARN_OBJC_ROOT_CLASS = YES_ERROR;
				CLANG_WARN_QUOTED_INCLUDE_IN_FRAMEWORK_HEADER = YES;
				CLANG_WARN_RANGE_LOOP_ANALYSIS = YES;
				CLANG_WARN_STRICT_PROTOTYPES = YES;
				CLANG_WARN_SUSPICIOUS_MOVE = YES;
				CLANG_WARN_UNGUARDED_AVAILABILITY = YES_AGGRESSIVE;
				CLANG_WARN_UNREACHABLE_CODE = YES;
				CLANG_WARN__DUPLICATE_METHOD_MATCH = YES;
				COPY_PHASE_STRIP = NO;
				DEBUG_INFORMATION_FORMAT = "dwarf-with-dsym";
				ENABLE_NS_ASSERTIONS = NO;
				ENABLE_STRICT_OBJC_MSGSEND = YES;
				GCC_C_LANGUAGE_STANDARD = gnu11;
				GCC_NO_COMMON_BLOCKS = YES;
				GCC_WARN_64_TO_32_BIT_CONVERSION = YES;
				GCC_WARN_ABOUT_RETURN_TYPE = YES_ERROR;
				GCC_WARN_UNDECLARED_SELECTOR = YES;
				GCC_WARN_UNINITIALIZED_AUTOS = YES_AGGRESSIVE;
				GCC_WARN_UNUSED_FUNCTION = YES;
				GCC_WARN_UNUSED_VARIABLE = YES;
				MACOSX_DEPLOYMENT_TARGET = 11.3;
				MTL_ENABLE_DEBUG_INFO = NO;
				MTL_FAST_MATH = YES;
				SDKROOT = macosx;
				SWIFT_COMPILATION_MODE = wholemodule;
				SWIFT_OPTIMIZATION_LEVEL = "-O";
			};
			name = Release;
		};
		C05C0B83271E59DA007BDF89 /* Debug */ = {
			isa = XCBuildConfiguration;
			buildSettings = {
				ASSETCATALOG_COMPILER_APPICON_NAME = AppIcon;
				ASSETCATALOG_COMPILER_GLOBAL_ACCENT_COLOR_NAME = AccentColor;
				CODE_SIGN_ENTITLEMENTS = "Notch Simulator/Notch_Simulator.entitlements";
				CODE_SIGN_IDENTITY = "Apple Development";
				CODE_SIGN_STYLE = Automatic;
				COMBINE_HIDPI_IMAGES = YES;
				CURRENT_PROJECT_VERSION = 22;
				DEVELOPMENT_TEAM = QJN4A73F8D;
				ENABLE_HARDENED_RUNTIME = YES;
				GENERATE_INFOPLIST_FILE = YES;
				INFOPLIST_FILE = "Notch-Simulator-Info.plist";
				INFOPLIST_KEY_LSApplicationCategoryType = "public.app-category.utilities";
				INFOPLIST_KEY_NSHumanReadableCopyright = "";
				INFOPLIST_KEY_NSMainNibFile = MainMenu;
				INFOPLIST_KEY_NSPrincipalClass = NSApplication;
				LD_RUNPATH_SEARCH_PATHS = (
					"$(inherited)",
					"@executable_path/../Frameworks",
				);
				MACOSX_DEPLOYMENT_TARGET = 10.13;
				MARKETING_VERSION = 2.0;
				PRODUCT_BUNDLE_IDENTIFIER = "com.JinyuMeng.Notch-Simulator";
				PRODUCT_NAME = "$(TARGET_NAME)";
				PROVISIONING_PROFILE_SPECIFIER = "";
				SWIFT_EMIT_LOC_STRINGS = YES;
				SWIFT_VERSION = 5.0;
			};
			name = Debug;
		};
		C05C0B84271E59DA007BDF89 /* Release */ = {
			isa = XCBuildConfiguration;
			buildSettings = {
				ASSETCATALOG_COMPILER_APPICON_NAME = AppIcon;
				ASSETCATALOG_COMPILER_GLOBAL_ACCENT_COLOR_NAME = AccentColor;
				CODE_SIGN_ENTITLEMENTS = "Notch Simulator/Notch_Simulator.entitlements";
				CODE_SIGN_IDENTITY = "Apple Development";
				CODE_SIGN_STYLE = Automatic;
				COMBINE_HIDPI_IMAGES = YES;
				CURRENT_PROJECT_VERSION = 22;
				DEVELOPMENT_TEAM = QJN4A73F8D;
				ENABLE_HARDENED_RUNTIME = YES;
				GENERATE_INFOPLIST_FILE = YES;
				INFOPLIST_FILE = "Notch-Simulator-Info.plist";
				INFOPLIST_KEY_LSApplicationCategoryType = "public.app-category.utilities";
				INFOPLIST_KEY_NSHumanReadableCopyright = "";
				INFOPLIST_KEY_NSMainNibFile = MainMenu;
				INFOPLIST_KEY_NSPrincipalClass = NSApplication;
				LD_RUNPATH_SEARCH_PATHS = (
					"$(inherited)",
					"@executable_path/../Frameworks",
				);
				MACOSX_DEPLOYMENT_TARGET = 10.13;
				MARKETING_VERSION = 2.0;
				PRODUCT_BUNDLE_IDENTIFIER = "com.JinyuMeng.Notch-Simulator";
				PRODUCT_NAME = "$(TARGET_NAME)";
				PROVISIONING_PROFILE_SPECIFIER = "";
				SWIFT_EMIT_LOC_STRINGS = YES;
				SWIFT_VERSION = 5.0;
			};
			name = Release;
		};
/* End XCBuildConfiguration section */

/* Begin XCConfigurationList section */
		C02ECAC9271FFB06002E33D1 /* Build configuration list for PBXNativeTarget "Notch Simulator Helper" */ = {
			isa = XCConfigurationList;
			buildConfigurations = (
				C02ECACA271FFB06002E33D1 /* Debug */,
				C02ECACB271FFB06002E33D1 /* Release */,
			);
			defaultConfigurationIsVisible = 0;
			defaultConfigurationName = Release;
		};
		C05C0B70271E59D6007BDF89 /* Build configuration list for PBXProject "Notch Simulator" */ = {
			isa = XCConfigurationList;
			buildConfigurations = (
				C05C0B80271E59DA007BDF89 /* Debug */,
				C05C0B81271E59DA007BDF89 /* Release */,
			);
			defaultConfigurationIsVisible = 0;
			defaultConfigurationName = Release;
		};
		C05C0B82271E59DA007BDF89 /* Build configuration list for PBXNativeTarget "Notch Simulator" */ = {
			isa = XCConfigurationList;
			buildConfigurations = (
				C05C0B83271E59DA007BDF89 /* Debug */,
				C05C0B84271E59DA007BDF89 /* Release */,
			);
			defaultConfigurationIsVisible = 0;
			defaultConfigurationName = Release;
		};
/* End XCConfigurationList section */
	};
	rootObject = C05C0B6D271E59D6007BDF89 /* Project object */;
}
